
Microsoft Visual Studio Solution File, Format Version 12.00
# Visual Studio Version 17
VisualStudioVersion = 17.1.32421.90
MinimumVisualStudioVersion = 10.0.40219.1
Project("{FAE04EC0-301F-11D3-BF4B-00C04F79EFBC}") = "gRPC_client", "gRPC_client\gRPC_client.csproj", "{E6099AC9-6660-40C4-A81A-1ECBE1CFFDBD}"
EndProject
Global
	GlobalSection(SolutionConfigurationPlatforms) = preSolution
		Debug|Any CPU = Debug|Any CPU
		Release|Any CPU = Release|Any CPU
	EndGlobalSection
	GlobalSection(ProjectConfigurationPlatforms) = postSolution
		{E6099AC9-6660-40C4-A81A-1ECBE1CFFDBD}.Debug|Any CPU.ActiveCfg = Debug|Any CPU
		{E6099AC9-6660-40C4-A81A-1ECBE1CFFDBD}.Debug|Any CPU.Build.0 = Debug|Any CPU
		{E6099AC9-6660-40C4-A81A-1ECBE1CFFDBD}.Release|Any CPU.ActiveCfg = Release|Any CPU
		{E6099AC9-6660-40C4-A81A-1ECBE1CFFDBD}.Release|Any CPU.Build.0 = Release|Any CPU
	EndGlobalSection
	GlobalSection(SolutionProperties) = preSolution
		HideSolutionNode = FALSE
	EndGlobalSection
	GlobalSection(ExtensibilityGlobals) = postSolution
		SolutionGuid = {96061109-BF85-4D6D-A438-877492C527AB}
	EndGlobalSection
EndGlobal
